// !$*UTF8*$!
{
	archiveVersion = 1;
	classes = {
	};
	objectVersion = 51;
	objects = {

/* Begin PBXBuildFile section */
		20C235066D00723E936F84A1 /* Pods_FuziCrashTests.framework in Frameworks */ = {isa = PBXBuildFile; fileRef = CD18AF7087CEAB5E7F7AB765 /* Pods_FuziCrashTests.framework */; };
		8791FE3C24E83DFB00B1D193 /* AppDelegate.swift in Sources */ = {isa = PBXBuildFile; fileRef = 8791FE3B24E83DFB00B1D193 /* AppDelegate.swift */; };
		8791FE3E24E83DFB00B1D193 /* SceneDelegate.swift in Sources */ = {isa = PBXBuildFile; fileRef = 8791FE3D24E83DFB00B1D193 /* SceneDelegate.swift */; };
		8791FE4024E83DFB00B1D193 /* ViewController.swift in Sources */ = {isa = PBXBuildFile; fileRef = 8791FE3F24E83DFB00B1D193 /* ViewController.swift */; };
		8791FE4324E83DFB00B1D193 /* Main.storyboard in Resources */ = {isa = PBXBuildFile; fileRef = 8791FE4124E83DFB00B1D193 /* Main.storyboard */; };
		8791FE4524E83DFD00B1D193 /* Assets.xcassets in Resources */ = {isa = PBXBuildFile; fileRef = 8791FE4424E83DFD00B1D193 /* Assets.xcassets */; };
		8791FE4824E83DFD00B1D193 /* LaunchScreen.storyboard in Resources */ = {isa = PBXBuildFile; fileRef = 8791FE4624E83DFD00B1D193 /* LaunchScreen.storyboard */; };
		8791FE5324E83DFE00B1D193 /* FuziCrashTests.swift in Sources */ = {isa = PBXBuildFile; fileRef = 8791FE5224E83DFE00B1D193 /* FuziCrashTests.swift */; };
		8791FE5E24E83DFE00B1D193 /* FuziCrashUITests.swift in Sources */ = {isa = PBXBuildFile; fileRef = 8791FE5D24E83DFE00B1D193 /* FuziCrashUITests.swift */; };
		8791FE6C24E83F5900B1D193 /* PostParser.swift in Sources */ = {isa = PBXBuildFile; fileRef = 8791FE6B24E83F5900B1D193 /* PostParser.swift */; };
		87D1E0D846B5FD2C8FF1BF35 /* Pods_FuziCrash_FuziCrashUITests.framework in Frameworks */ = {isa = PBXBuildFile; fileRef = 058AEDBE54DC292DC9E37209 /* Pods_FuziCrash_FuziCrashUITests.framework */; };
		E88A3C30DB99AF7C60D56270 /* Pods_FuziCrash.framework in Frameworks */ = {isa = PBXBuildFile; fileRef = 764C38DEA20027A5EA4507AE /* Pods_FuziCrash.framework */; };
/* End PBXBuildFile section */

/* Begin PBXContainerItemProxy section */
		8791FE4F24E83DFE00B1D193 /* PBXContainerItemProxy */ = {
			isa = PBXContainerItemProxy;
			containerPortal = 8791FE3024E83DFB00B1D193 /* Project object */;
			proxyType = 1;
			remoteGlobalIDString = 8791FE3724E83DFB00B1D193;
			remoteInfo = FuziCrash;
		};
		8791FE5A24E83DFE00B1D193 /* PBXContainerItemProxy */ = {
			isa = PBXContainerItemProxy;
			containerPortal = 8791FE3024E83DFB00B1D193 /* Project object */;
			proxyType = 1;
			remoteGlobalIDString = 8791FE3724E83DFB00B1D193;
			remoteInfo = FuziCrash;
		};
/* End PBXContainerItemProxy section */

/* Begin PBXFileReference section */
		058AEDBE54DC292DC9E37209 /* Pods_FuziCrash_FuziCrashUITests.framework */ = {isa = PBXFileReference; explicitFileType = wrapper.framework; includeInIndex = 0; path = Pods_FuziCrash_FuziCrashUITests.framework; sourceTree = BUILT_PRODUCTS_DIR; };
		21C44659E14E4FDB6CD7DB75 /* Pods-FuziCrash-FuziCrashUITests.debug.xcconfig */ = {isa = PBXFileReference; includeInIndex = 1; lastKnownFileType = text.xcconfig; name = "Pods-FuziCrash-FuziCrashUITests.debug.xcconfig"; path = "Target Support Files/Pods-FuziCrash-FuziCrashUITests/Pods-FuziCrash-FuziCrashUITests.debug.xcconfig"; sourceTree = "<group>"; };
		62EE0D6DEF2A1FDD85BEE084 /* Pods-FuziCrash.release.xcconfig */ = {isa = PBXFileReference; includeInIndex = 1; lastKnownFileType = text.xcconfig; name = "Pods-FuziCrash.release.xcconfig"; path = "Target Support Files/Pods-FuziCrash/Pods-FuziCrash.release.xcconfig"; sourceTree = "<group>"; };
		764C38DEA20027A5EA4507AE /* Pods_FuziCrash.framework */ = {isa = PBXFileReference; explicitFileType = wrapper.framework; includeInIndex = 0; path = Pods_FuziCrash.framework; sourceTree = BUILT_PRODUCTS_DIR; };
		8791FE3824E83DFB00B1D193 /* FuziCrash.app */ = {isa = PBXFileReference; explicitFileType = wrapper.application; includeInIndex = 0; path = FuziCrash.app; sourceTree = BUILT_PRODUCTS_DIR; };
		8791FE3B24E83DFB00B1D193 /* AppDelegate.swift */ = {isa = PBXFileReference; lastKnownFileType = sourcecode.swift; path = AppDelegate.swift; sourceTree = "<group>"; };
		8791FE3D24E83DFB00B1D193 /* SceneDelegate.swift */ = {isa = PBXFileReference; lastKnownFileType = sourcecode.swift; path = SceneDelegate.swift; sourceTree = "<group>"; };
		8791FE3F24E83DFB00B1D193 /* ViewController.swift */ = {isa = PBXFileReference; lastKnownFileType = sourcecode.swift; path = ViewController.swift; sourceTree = "<group>"; };
		8791FE4224E83DFB00B1D193 /* Base */ = {isa = PBXFileReference; lastKnownFileType = file.storyboard; name = Base; path = Base.lproj/Main.storyboard; sourceTree = "<group>"; };
		8791FE4424E83DFD00B1D193 /* Assets.xcassets */ = {isa = PBXFileReference; lastKnownFileType = folder.assetcatalog; path = Assets.xcassets; sourceTree = "<group>"; };
		8791FE4724E83DFD00B1D193 /* Base */ = {isa = PBXFileReference; lastKnownFileType = file.storyboard; name = Base; path = Base.lproj/LaunchScreen.storyboard; sourceTree = "<group>"; };
		8791FE4924E83DFD00B1D193 /* Info.plist */ = {isa = PBXFileReference; lastKnownFileType = text.plist.xml; path = Info.plist; sourceTree = "<group>"; };
		8791FE4E24E83DFE00B1D193 /* FuziCrashTests.xctest */ = {isa = PBXFileReference; explicitFileType = wrapper.cfbundle; includeInIndex = 0; path = FuziCrashTests.xctest; sourceTree = BUILT_PRODUCTS_DIR; };
		8791FE5224E83DFE00B1D193 /* FuziCrashTests.swift */ = {isa = PBXFileReference; lastKnownFileType = sourcecode.swift; path = FuziCrashTests.swift; sourceTree = "<group>"; };
		8791FE5424E83DFE00B1D193 /* Info.plist */ = {isa = PBXFileReference; lastKnownFileType = text.plist.xml; path = Info.plist; sourceTree = "<group>"; };
		8791FE5924E83DFE00B1D193 /* FuziCrashUITests.xctest */ = {isa = PBXFileReference; explicitFileType = wrapper.cfbundle; includeInIndex = 0; path = FuziCrashUITests.xctest; sourceTree = BUILT_PRODUCTS_DIR; };
		8791FE5D24E83DFE00B1D193 /* FuziCrashUITests.swift */ = {isa = PBXFileReference; lastKnownFileType = sourcecode.swift; path = FuziCrashUITests.swift; sourceTree = "<group>"; };
		8791FE5F24E83DFE00B1D193 /* Info.plist */ = {isa = PBXFileReference; lastKnownFileType = text.plist.xml; path = Info.plist; sourceTree = "<group>"; };
		8791FE6B24E83F5900B1D193 /* PostParser.swift */ = {isa = PBXFileReference; fileEncoding = 4; lastKnownFileType = sourcecode.swift; path = PostParser.swift; sourceTree = "<group>"; };
		9ADC9F7113D8716AC28362B1 /* Pods-FuziCrashTests.release.xcconfig */ = {isa = PBXFileReference; includeInIndex = 1; lastKnownFileType = text.xcconfig; name = "Pods-FuziCrashTests.release.xcconfig"; path = "Target Support Files/Pods-FuziCrashTests/Pods-FuziCrashTests.release.xcconfig"; sourceTree = "<group>"; };
		B2FC49B3C995179407E5137F /* Pods-FuziCrash-FuziCrashUITests.release.xcconfig */ = {isa = PBXFileReference; includeInIndex = 1; lastKnownFileType = text.xcconfig; name = "Pods-FuziCrash-FuziCrashUITests.release.xcconfig"; path = "Target Support Files/Pods-FuziCrash-FuziCrashUITests/Pods-FuziCrash-FuziCrashUITests.release.xcconfig"; sourceTree = "<group>"; };
		CD18AF7087CEAB5E7F7AB765 /* Pods_FuziCrashTests.framework */ = {isa = PBXFileReference; explicitFileType = wrapper.framework; includeInIndex = 0; path = Pods_FuziCrashTests.framework; sourceTree = BUILT_PRODUCTS_DIR; };
		D034E960531E355C71ABD49A /* Pods-FuziCrashTests.debug.xcconfig */ = {isa = PBXFileReference; includeInIndex = 1; lastKnownFileType = text.xcconfig; name = "Pods-FuziCrashTests.debug.xcconfig"; path = "Target Support Files/Pods-FuziCrashTests/Pods-FuziCrashTests.debug.xcconfig"; sourceTree = "<group>"; };
		E4755021044629256FE130EC /* Pods-FuziCrash.debug.xcconfig */ = {isa = PBXFileReference; includeInIndex = 1; lastKnownFileType = text.xcconfig; name = "Pods-FuziCrash.debug.xcconfig"; path = "Target Support Files/Pods-FuziCrash/Pods-FuziCrash.debug.xcconfig"; sourceTree = "<group>"; };
/* End PBXFileReference section */

/* Begin PBXFrameworksBuildPhase section */
		8791FE3524E83DFB00B1D193 /* Frameworks */ = {
			isa = PBXFrameworksBuildPhase;
			buildActionMask = 2147483647;
			files = (
				E88A3C30DB99AF7C60D56270 /* Pods_FuziCrash.framework in Frameworks */,
			);
			runOnlyForDeploymentPostprocessing = 0;
		};
		8791FE4B24E83DFE00B1D193 /* Frameworks */ = {
			isa = PBXFrameworksBuildPhase;
			buildActionMask = 2147483647;
			files = (
				20C235066D00723E936F84A1 /* Pods_FuziCrashTests.framework in Frameworks */,
			);
			runOnlyForDeploymentPostprocessing = 0;
		};
		8791FE5624E83DFE00B1D193 /* Frameworks */ = {
			isa = PBXFrameworksBuildPhase;
			buildActionMask = 2147483647;
			files = (
				87D1E0D846B5FD2C8FF1BF35 /* Pods_FuziCrash_FuziCrashUITests.framework in Frameworks */,
			);
			runOnlyForDeploymentPostprocessing = 0;
		};
/* End PBXFrameworksBuildPhase section */

/* Begin PBXGroup section */
		66C91434BEA39731198FAF63 /* Frameworks */ = {
			isa = PBXGroup;
			children = (
				764C38DEA20027A5EA4507AE /* Pods_FuziCrash.framework */,
				058AEDBE54DC292DC9E37209 /* Pods_FuziCrash_FuziCrashUITests.framework */,
				CD18AF7087CEAB5E7F7AB765 /* Pods_FuziCrashTests.framework */,
			);
			name = Frameworks;
			sourceTree = "<group>";
		};
		8791FE2F24E83DFB00B1D193 = {
			isa = PBXGroup;
			children = (
				8791FE3A24E83DFB00B1D193 /* FuziCrash */,
				8791FE5124E83DFE00B1D193 /* FuziCrashTests */,
				8791FE5C24E83DFE00B1D193 /* FuziCrashUITests */,
				8791FE3924E83DFB00B1D193 /* Products */,
				99CCFB966A63B021C8166639 /* Pods */,
				66C91434BEA39731198FAF63 /* Frameworks */,
			);
			sourceTree = "<group>";
		};
		8791FE3924E83DFB00B1D193 /* Products */ = {
			isa = PBXGroup;
			children = (
				8791FE3824E83DFB00B1D193 /* FuziCrash.app */,
				8791FE4E24E83DFE00B1D193 /* FuziCrashTests.xctest */,
				8791FE5924E83DFE00B1D193 /* FuziCrashUITests.xctest */,
			);
			name = Products;
			sourceTree = "<group>";
		};
		8791FE3A24E83DFB00B1D193 /* FuziCrash */ = {
			isa = PBXGroup;
			children = (
				8791FE6B24E83F5900B1D193 /* PostParser.swift */,
				8791FE3B24E83DFB00B1D193 /* AppDelegate.swift */,
				8791FE3D24E83DFB00B1D193 /* SceneDelegate.swift */,
				8791FE3F24E83DFB00B1D193 /* ViewController.swift */,
				8791FE4124E83DFB00B1D193 /* Main.storyboard */,
				8791FE4424E83DFD00B1D193 /* Assets.xcassets */,
				8791FE4624E83DFD00B1D193 /* LaunchScreen.storyboard */,
				8791FE4924E83DFD00B1D193 /* Info.plist */,
			);
			path = FuziCrash;
			sourceTree = "<group>";
		};
		8791FE5124E83DFE00B1D193 /* FuziCrashTests */ = {
			isa = PBXGroup;
			children = (
				8791FE5224E83DFE00B1D193 /* FuziCrashTests.swift */,
				8791FE5424E83DFE00B1D193 /* Info.plist */,
			);
			path = FuziCrashTests;
			sourceTree = "<group>";
		};
		8791FE5C24E83DFE00B1D193 /* FuziCrashUITests */ = {
			isa = PBXGroup;
			children = (
				8791FE5D24E83DFE00B1D193 /* FuziCrashUITests.swift */,
				8791FE5F24E83DFE00B1D193 /* Info.plist */,
			);
			path = FuziCrashUITests;
			sourceTree = "<group>";
		};
		99CCFB966A63B021C8166639 /* Pods */ = {
			isa = PBXGroup;
			children = (
				E4755021044629256FE130EC /* Pods-FuziCrash.debug.xcconfig */,
				62EE0D6DEF2A1FDD85BEE084 /* Pods-FuziCrash.release.xcconfig */,
				21C44659E14E4FDB6CD7DB75 /* Pods-FuziCrash-FuziCrashUITests.debug.xcconfig */,
				B2FC49B3C995179407E5137F /* Pods-FuziCrash-FuziCrashUITests.release.xcconfig */,
				D034E960531E355C71ABD49A /* Pods-FuziCrashTests.debug.xcconfig */,
				9ADC9F7113D8716AC28362B1 /* Pods-FuziCrashTests.release.xcconfig */,
			);
			path = Pods;
			sourceTree = "<group>";
		};
/* End PBXGroup section */

/* Begin PBXNativeTarget section */
		8791FE3724E83DFB00B1D193 /* FuziCrash */ = {
			isa = PBXNativeTarget;
			buildConfigurationList = 8791FE6224E83DFE00B1D193 /* Build configuration list for PBXNativeTarget "FuziCrash" */;
			buildPhases = (
				3EA894A54EE50FB7437ED7E5 /* [CP] Check Pods Manifest.lock */,
				8791FE3424E83DFB00B1D193 /* Sources */,
				8791FE3524E83DFB00B1D193 /* Frameworks */,
				8791FE3624E83DFB00B1D193 /* Resources */,
				33DB41C000FDDCE8D01DA814 /* [CP] Embed Pods Frameworks */,
			);
			buildRules = (
			);
			dependencies = (
			);
			name = FuziCrash;
			productName = FuziCrash;
			productReference = 8791FE3824E83DFB00B1D193 /* FuziCrash.app */;
			productType = "com.apple.product-type.application";
		};
		8791FE4D24E83DFE00B1D193 /* FuziCrashTests */ = {
			isa = PBXNativeTarget;
			buildConfigurationList = 8791FE6524E83DFE00B1D193 /* Build configuration list for PBXNativeTarget "FuziCrashTests" */;
			buildPhases = (
				22CC4FA30CBEDBB07176BFFB /* [CP] Check Pods Manifest.lock */,
				8791FE4A24E83DFE00B1D193 /* Sources */,
				8791FE4B24E83DFE00B1D193 /* Frameworks */,
				8791FE4C24E83DFE00B1D193 /* Resources */,
			);
			buildRules = (
			);
			dependencies = (
				8791FE5024E83DFE00B1D193 /* PBXTargetDependency */,
			);
			name = FuziCrashTests;
			productName = FuziCrashTests;
			productReference = 8791FE4E24E83DFE00B1D193 /* FuziCrashTests.xctest */;
			productType = "com.apple.product-type.bundle.unit-test";
		};
		8791FE5824E83DFE00B1D193 /* FuziCrashUITests */ = {
			isa = PBXNativeTarget;
			buildConfigurationList = 8791FE6824E83DFE00B1D193 /* Build configuration list for PBXNativeTarget "FuziCrashUITests" */;
			buildPhases = (
				1E402BAF8D98AD237B97AEC7 /* [CP] Check Pods Manifest.lock */,
				8791FE5524E83DFE00B1D193 /* Sources */,
				8791FE5624E83DFE00B1D193 /* Frameworks */,
				8791FE5724E83DFE00B1D193 /* Resources */,
				C4B2C463CA36BFEA4BB92FA9 /* [CP] Embed Pods Frameworks */,
			);
			buildRules = (
			);
			dependencies = (
				8791FE5B24E83DFE00B1D193 /* PBXTargetDependency */,
			);
			name = FuziCrashUITests;
			productName = FuziCrashUITests;
			productReference = 8791FE5924E83DFE00B1D193 /* FuziCrashUITests.xctest */;
			productType = "com.apple.product-type.bundle.ui-testing";
		};
/* End PBXNativeTarget section */

/* Begin PBXProject section */
		8791FE3024E83DFB00B1D193 /* Project object */ = {
			isa = PBXProject;
			attributes = {
				LastSwiftUpdateCheck = 1200;
				LastUpgradeCheck = 1200;
				TargetAttributes = {
					8791FE3724E83DFB00B1D193 = {
						CreatedOnToolsVersion = 12.0;
					};
					8791FE4D24E83DFE00B1D193 = {
						CreatedOnToolsVersion = 12.0;
						TestTargetID = 8791FE3724E83DFB00B1D193;
					};
					8791FE5824E83DFE00B1D193 = {
						CreatedOnToolsVersion = 12.0;
						TestTargetID = 8791FE3724E83DFB00B1D193;
					};
				};
			};
			buildConfigurationList = 8791FE3324E83DFB00B1D193 /* Build configuration list for PBXProject "FuziCrash" */;
			compatibilityVersion = "Xcode 9.3";
			developmentRegion = en;
			hasScannedForEncodings = 0;
			knownRegions = (
				en,
				Base,
			);
			mainGroup = 8791FE2F24E83DFB00B1D193;
			productRefGroup = 8791FE3924E83DFB00B1D193 /* Products */;
			projectDirPath = "";
			projectRoot = "";
			targets = (
				8791FE3724E83DFB00B1D193 /* FuziCrash */,
				8791FE4D24E83DFE00B1D193 /* FuziCrashTests */,
				8791FE5824E83DFE00B1D193 /* FuziCrashUITests */,
			);
		};
/* End PBXProject section */

/* Begin PBXResourcesBuildPhase section */
		8791FE3624E83DFB00B1D193 /* Resources */ = {
			isa = PBXResourcesBuildPhase;
			buildActionMask = 2147483647;
			files = (
				8791FE4824E83DFD00B1D193 /* LaunchScreen.storyboard in Resources */,
				8791FE4524E83DFD00B1D193 /* Assets.xcassets in Resources */,
				8791FE4324E83DFB00B1D193 /* Main.storyboard in Resources */,
			);
			runOnlyForDeploymentPostprocessing = 0;
		};
		8791FE4C24E83DFE00B1D193 /* Resources */ = {
			isa = PBXResourcesBuildPhase;
			buildActionMask = 2147483647;
			files = (
			);
			runOnlyForDeploymentPostprocessing = 0;
		};
		8791FE5724E83DFE00B1D193 /* Resources */ = {
			isa = PBXResourcesBuildPhase;
			buildActionMask = 2147483647;
			files = (
			);
			runOnlyForDeploymentPostprocessing = 0;
		};
/* End PBXResourcesBuildPhase section */

/* Begin PBXShellScriptBuildPhase section */
		1E402BAF8D98AD237B97AEC7 /* [CP] Check Pods Manifest.lock */ = {
			isa = PBXShellScriptBuildPhase;
			buildActionMask = 2147483647;
			files = (
			);
			inputFileListPaths = (
			);
			inputPaths = (
				"${PODS_PODFILE_DIR_PATH}/Podfile.lock",
				"${PODS_ROOT}/Manifest.lock",
			);
			name = "[CP] Check Pods Manifest.lock";
			outputFileListPaths = (
			);
			outputPaths = (
				"$(DERIVED_FILE_DIR)/Pods-FuziCrash-FuziCrashUITests-checkManifestLockResult.txt",
			);
			runOnlyForDeploymentPostprocessing = 0;
			shellPath = /bin/sh;
			shellScript = "diff \"${PODS_PODFILE_DIR_PATH}/Podfile.lock\" \"${PODS_ROOT}/Manifest.lock\" > /dev/null\nif [ $? != 0 ] ; then\n    # print error to STDERR\n    echo \"error: The sandbox is not in sync with the Podfile.lock. Run 'pod install' or update your CocoaPods installation.\" >&2\n    exit 1\nfi\n# This output is used by Xcode 'outputs' to avoid re-running this script phase.\necho \"SUCCESS\" > \"${SCRIPT_OUTPUT_FILE_0}\"\n";
			showEnvVarsInLog = 0;
		};
		22CC4FA30CBEDBB07176BFFB /* [CP] Check Pods Manifest.lock */ = {
			isa = PBXShellScriptBuildPhase;
			buildActionMask = 2147483647;
			files = (
			);
			inputFileListPaths = (
			);
			inputPaths = (
				"${PODS_PODFILE_DIR_PATH}/Podfile.lock",
				"${PODS_ROOT}/Manifest.lock",
			);
			name = "[CP] Check Pods Manifest.lock";
			outputFileListPaths = (
			);
			outputPaths = (
				"$(DERIVED_FILE_DIR)/Pods-FuziCrashTests-checkManifestLockResult.txt",
			);
			runOnlyForDeploymentPostprocessing = 0;
			shellPath = /bin/sh;
			shellScript = "diff \"${PODS_PODFILE_DIR_PATH}/Podfile.lock\" \"${PODS_ROOT}/Manifest.lock\" > /dev/null\nif [ $? != 0 ] ; then\n    # print error to STDERR\n    echo \"error: The sandbox is not in sync with the Podfile.lock. Run 'pod install' or update your CocoaPods installation.\" >&2\n    exit 1\nfi\n# This output is used by Xcode 'outputs' to avoid re-running this script phase.\necho \"SUCCESS\" > \"${SCRIPT_OUTPUT_FILE_0}\"\n";
			showEnvVarsInLog = 0;
		};
		33DB41C000FDDCE8D01DA814 /* [CP] Embed Pods Frameworks */ = {
			isa = PBXShellScriptBuildPhase;
			buildActionMask = 2147483647;
			files = (
			);
			inputFileListPaths = (
				"${PODS_ROOT}/Target Support Files/Pods-FuziCrash/Pods-FuziCrash-frameworks-${CONFIGURATION}-input-files.xcfilelist",
			);
			name = "[CP] Embed Pods Frameworks";
			outputFileListPaths = (
				"${PODS_ROOT}/Target Support Files/Pods-FuziCrash/Pods-FuziCrash-frameworks-${CONFIGURATION}-output-files.xcfilelist",
			);
			runOnlyForDeploymentPostprocessing = 0;
			shellPath = /bin/sh;
			shellScript = "\"${PODS_ROOT}/Target Support Files/Pods-FuziCrash/Pods-FuziCrash-frameworks.sh\"\n";
			showEnvVarsInLog = 0;
		};
		3EA894A54EE50FB7437ED7E5 /* [CP] Check Pods Manifest.lock */ = {
			isa = PBXShellScriptBuildPhase;
			buildActionMask = 2147483647;
			files = (
			);
			inputFileListPaths = (
			);
			inputPaths = (
				"${PODS_PODFILE_DIR_PATH}/Podfile.lock",
				"${PODS_ROOT}/Manifest.lock",
			);
			name = "[CP] Check Pods Manifest.lock";
			outputFileListPaths = (
			);
			outputPaths = (
				"$(DERIVED_FILE_DIR)/Pods-FuziCrash-checkManifestLockResult.txt",
			);
			runOnlyForDeploymentPostprocessing = 0;
			shellPath = /bin/sh;
			shellScript = "diff \"${PODS_PODFILE_DIR_PATH}/Podfile.lock\" \"${PODS_ROOT}/Manifest.lock\" > /dev/null\nif [ $? != 0 ] ; then\n    # print error to STDERR\n    echo \"error: The sandbox is not in sync with the Podfile.lock. Run 'pod install' or update your CocoaPods installation.\" >&2\n    exit 1\nfi\n# This output is used by Xcode 'outputs' to avoid re-running this script phase.\necho \"SUCCESS\" > \"${SCRIPT_OUTPUT_FILE_0}\"\n";
			showEnvVarsInLog = 0;
		};
		C4B2C463CA36BFEA4BB92FA9 /* [CP] Embed Pods Frameworks */ = {
			isa = PBXShellScriptBuildPhase;
			buildActionMask = 2147483647;
			files = (
			);
			inputFileListPaths = (
				"${PODS_ROOT}/Target Support Files/Pods-FuziCrash-FuziCrashUITests/Pods-FuziCrash-FuziCrashUITests-frameworks-${CONFIGURATION}-input-files.xcfilelist",
			);
			name = "[CP] Embed Pods Frameworks";
			outputFileListPaths = (
				"${PODS_ROOT}/Target Support Files/Pods-FuziCrash-FuziCrashUITests/Pods-FuziCrash-FuziCrashUITests-frameworks-${CONFIGURATION}-output-files.xcfilelist",
			);
			runOnlyForDeploymentPostprocessing = 0;
			shellPath = /bin/sh;
			shellScript = "\"${PODS_ROOT}/Target Support Files/Pods-FuziCrash-FuziCrashUITests/Pods-FuziCrash-FuziCrashUITests-frameworks.sh\"\n";
			showEnvVarsInLog = 0;
		};
/* End PBXShellScriptBuildPhase section */

/* Begin PBXSourcesBuildPhase section */
		8791FE3424E83DFB00B1D193 /* Sources */ = {
			isa = PBXSourcesBuildPhase;
			buildActionMask = 2147483647;
			files = (
				8791FE4024E83DFB00B1D193 /* ViewController.swift in Sources */,
				8791FE3C24E83DFB00B1D193 /* AppDelegate.swift in Sources */,
				8791FE6C24E83F5900B1D193 /* PostParser.swift in Sources */,
				8791FE3E24E83DFB00B1D193 /* SceneDelegate.swift in Sources */,
			);
			runOnlyForDeploymentPostprocessing = 0;
		};
		8791FE4A24E83DFE00B1D193 /* Sources */ = {
			isa = PBXSourcesBuildPhase;
			buildActionMask = 2147483647;
			files = (
				8791FE5324E83DFE00B1D193 /* FuziCrashTests.swift in Sources */,
			);
			runOnlyForDeploymentPostprocessing = 0;
		};
		8791FE5524E83DFE00B1D193 /* Sources */ = {
			isa = PBXSourcesBuildPhase;
			buildActionMask = 2147483647;
			files = (
				8791FE5E24E83DFE00B1D193 /* FuziCrashUITests.swift in Sources */,
			);
			runOnlyForDeploymentPostprocessing = 0;
		};
/* End PBXSourcesBuildPhase section */

/* Begin PBXTargetDependency section */
		8791FE5024E83DFE00B1D193 /* PBXTargetDependency */ = {
			isa = PBXTargetDependency;
			target = 8791FE3724E83DFB00B1D193 /* FuziCrash */;
			targetProxy = 8791FE4F24E83DFE00B1D193 /* PBXContainerItemProxy */;
		};
		8791FE5B24E83DFE00B1D193 /* PBXTargetDependency */ = {
			isa = PBXTargetDependency;
			target = 8791FE3724E83DFB00B1D193 /* FuziCrash */;
			targetProxy = 8791FE5A24E83DFE00B1D193 /* PBXContainerItemProxy */;
		};
/* End PBXTargetDependency section */

/* Begin PBXVariantGroup section */
		8791FE4124E83DFB00B1D193 /* Main.storyboard */ = {
			isa = PBXVariantGroup;
			children = (
				8791FE4224E83DFB00B1D193 /* Base */,
			);
			name = Main.storyboard;
			sourceTree = "<group>";
		};
		8791FE4624E83DFD00B1D193 /* LaunchScreen.storyboard */ = {
			isa = PBXVariantGroup;
			children = (
				8791FE4724E83DFD00B1D193 /* Base */,
			);
			name = LaunchScreen.storyboard;
			sourceTree = "<group>";
		};
/* End PBXVariantGroup section */

/* Begin XCBuildConfiguration section */
		8791FE6024E83DFE00B1D193 /* Debug */ = {
			isa = XCBuildConfiguration;
			buildSettings = {
				ALWAYS_SEARCH_USER_PATHS = NO;
				CLANG_ANALYZER_NONNULL = YES;
				CLANG_ANALYZER_NUMBER_OBJECT_CONVERSION = YES_AGGRESSIVE;
				CLANG_CXX_LANGUAGE_STANDARD = "gnu++14";
				CLANG_CXX_LIBRARY = "libc++";
				CLANG_ENABLE_MODULES = YES;
				CLANG_ENABLE_OBJC_ARC = YES;
				CLANG_ENABLE_OBJC_WEAK = YES;
				CLANG_WARN_BLOCK_CAPTURE_AUTORELEASING = YES;
				CLANG_WARN_BOOL_CONVERSION = YES;
				CLANG_WARN_COMMA = YES;
				CLANG_WARN_CONSTANT_CONVERSION = YES;
				CLANG_WARN_DEPRECATED_OBJC_IMPLEMENTATIONS = YES;
				CLANG_WARN_DIRECT_OBJC_ISA_USAGE = YES_ERROR;
				CLANG_WARN_DOCUMENTATION_COMMENTS = YES;
				CLANG_WARN_EMPTY_BODY = YES;
				CLANG_WARN_ENUM_CONVERSION = YES;
				CLANG_WARN_INFINITE_RECURSION = YES;
				CLANG_WARN_INT_CONVERSION = YES;
				CLANG_WARN_NON_LITERAL_NULL_CONVERSION = YES;
				CLANG_WARN_OBJC_IMPLICIT_RETAIN_SELF = YES;
				CLANG_WARN_OBJC_LITERAL_CONVERSION = YES;
				CLANG_WARN_OBJC_ROOT_CLASS = YES_ERROR;
				CLANG_WARN_QUOTED_INCLUDE_IN_FRAMEWORK_HEADER = YES;
				CLANG_WARN_RANGE_LOOP_ANALYSIS = YES;
				CLANG_WARN_STRICT_PROTOTYPES = YES;
				CLANG_WARN_SUSPICIOUS_MOVE = YES;
				CLANG_WARN_UNGUARDED_AVAILABILITY = YES_AGGRESSIVE;
				CLANG_WARN_UNREACHABLE_CODE = YES;
				CLANG_WARN__DUPLICATE_METHOD_MATCH = YES;
				COPY_PHASE_STRIP = NO;
				DEBUG_INFORMATION_FORMAT = dwarf;
				ENABLE_STRICT_OBJC_MSGSEND = YES;
				ENABLE_TESTABILITY = YES;
				GCC_C_LANGUAGE_STANDARD = gnu11;
				GCC_DYNAMIC_NO_PIC = NO;
				GCC_NO_COMMON_BLOCKS = YES;
				GCC_OPTIMIZATION_LEVEL = 0;
				GCC_PREPROCESSOR_DEFINITIONS = (
					"DEBUG=1",
					"$(inherited)",
				);
				GCC_WARN_64_TO_32_BIT_CONVERSION = YES;
				GCC_WARN_ABOUT_RETURN_TYPE = YES_ERROR;
				GCC_WARN_UNDECLARED_SELECTOR = YES;
				GCC_WARN_UNINITIALIZED_AUTOS = YES_AGGRESSIVE;
				GCC_WARN_UNUSED_FUNCTION = YES;
				GCC_WARN_UNUSED_VARIABLE = YES;
				IPHONEOS_DEPLOYMENT_TARGET = 14.0;
				MTL_ENABLE_DEBUG_INFO = INCLUDE_SOURCE;
				MTL_FAST_MATH = YES;
				ONLY_ACTIVE_ARCH = YES;
				SDKROOT = iphoneos;
				SWIFT_ACTIVE_COMPILATION_CONDITIONS = DEBUG;
				SWIFT_OPTIMIZATION_LEVEL = "-Onone";
			};
			name = Debug;
		};
		8791FE6124E83DFE00B1D193 /* Release */ = {
			isa = XCBuildConfiguration;
			buildSettings = {
				ALWAYS_SEARCH_USER_PATHS = NO;
				CLANG_ANALYZER_NONNULL = YES;
				CLANG_ANALYZER_NUMBER_OBJECT_CONVERSION = YES_AGGRESSIVE;
				CLANG_CXX_LANGUAGE_STANDARD = "gnu++14";
				CLANG_CXX_LIBRARY = "libc++";
				CLANG_ENABLE_MODULES = YES;
				CLANG_ENABLE_OBJC_ARC = YES;
				CLANG_ENABLE_OBJC_WEAK = YES;
				CLANG_WARN_BLOCK_CAPTURE_AUTORELEASING = YES;
				CLANG_WARN_BOOL_CONVERSION = YES;
				CLANG_WARN_COMMA = YES;
				CLANG_WARN_CONSTANT_CONVERSION = YES;
				CLANG_WARN_DEPRECATED_OBJC_IMPLEMENTATIONS = YES;
				CLANG_WARN_DIRECT_OBJC_ISA_USAGE = YES_ERROR;
				CLANG_WARN_DOCUMENTATION_COMMENTS = YES;
				CLANG_WARN_EMPTY_BODY = YES;
				CLANG_WARN_ENUM_CONVERSION = YES;
				CLANG_WARN_INFINITE_RECURSION = YES;
				CLANG_WARN_INT_CONVERSION = YES;
				CLANG_WARN_NON_LITERAL_NULL_CONVERSION = YES;
				CLANG_WARN_OBJC_IMPLICIT_RETAIN_SELF = YES;
				CLANG_WARN_OBJC_LITERAL_CONVERSION = YES;
				CLANG_WARN_OBJC_ROOT_CLASS = YES_ERROR;
				CLANG_WARN_QUOTED_INCLUDE_IN_FRAMEWORK_HEADER = YES;
				CLANG_WARN_RANGE_LOOP_ANALYSIS = YES;
				CLANG_WARN_STRICT_PROTOTYPES = YES;
				CLANG_WARN_SUSPICIOUS_MOVE = YES;
				CLANG_WARN_UNGUARDED_AVAILABILITY = YES_AGGRESSIVE;
				CLANG_WARN_UNREACHABLE_CODE = YES;
				CLANG_WARN__DUPLICATE_METHOD_MATCH = YES;
				COPY_PHASE_STRIP = NO;
				DEBUG_INFORMATION_FORMAT = "dwarf-with-dsym";
				ENABLE_NS_ASSERTIONS = NO;
				ENABLE_STRICT_OBJC_MSGSEND = YES;
				GCC_C_LANGUAGE_STANDARD = gnu11;
				GCC_NO_COMMON_BLOCKS = YES;
				GCC_WARN_64_TO_32_BIT_CONVERSION = YES;
				GCC_WARN_ABOUT_RETURN_TYPE = YES_ERROR;
				GCC_WARN_UNDECLARED_SELECTOR = YES;
				GCC_WARN_UNINITIALIZED_AUTOS = YES_AGGRESSIVE;
				GCC_WARN_UNUSED_FUNCTION = YES;
				GCC_WARN_UNUSED_VARIABLE = YES;
				IPHONEOS_DEPLOYMENT_TARGET = 14.0;
				MTL_ENABLE_DEBUG_INFO = NO;
				MTL_FAST_MATH = YES;
				SDKROOT = iphoneos;
				SWIFT_COMPILATION_MODE = wholemodule;
				SWIFT_OPTIMIZATION_LEVEL = "-O";
				VALIDATE_PRODUCT = YES;
			};
			name = Release;
		};
		8791FE6324E83DFE00B1D193 /* Debug */ = {
			isa = XCBuildConfiguration;
			baseConfigurationReference = E4755021044629256FE130EC /* Pods-FuziCrash.debug.xcconfig */;
			buildSettings = {
				ASSETCATALOG_COMPILER_APPICON_NAME = AppIcon;
				ASSETCATALOG_COMPILER_GLOBAL_ACCENT_COLOR_NAME = AccentColor;
				CODE_SIGN_STYLE = Automatic;
				DEVELOPMENT_TEAM = U6N93T3598;
				INFOPLIST_FILE = FuziCrash/Info.plist;
				IPHONEOS_DEPLOYMENT_TARGET = 13.0;
				LD_RUNPATH_SEARCH_PATHS = (
					"$(inherited)",
					"@executable_path/Frameworks",
				);
				PRODUCT_BUNDLE_IDENTIFIER = com.kukushi.FuziCrash.FuziCrash;
				PRODUCT_NAME = "$(TARGET_NAME)";
				SWIFT_VERSION = 5.0;
				TARGETED_DEVICE_FAMILY = "1,2";
			};
			name = Debug;
		};
		8791FE6424E83DFE00B1D193 /* Release */ = {
			isa = XCBuildConfiguration;
			baseConfigurationReference = 62EE0D6DEF2A1FDD85BEE084 /* Pods-FuziCrash.release.xcconfig */;
			buildSettings = {
				ASSETCATALOG_COMPILER_APPICON_NAME = AppIcon;
				ASSETCATALOG_COMPILER_GLOBAL_ACCENT_COLOR_NAME = AccentColor;
				CODE_SIGN_STYLE = Automatic;
				DEVELOPMENT_TEAM = U6N93T3598;
				INFOPLIST_FILE = FuziCrash/Info.plist;
				IPHONEOS_DEPLOYMENT_TARGET = 13.0;
				LD_RUNPATH_SEARCH_PATHS = (
					"$(inherited)",
					"@executable_path/Frameworks",
				);
				PRODUCT_BUNDLE_IDENTIFIER = com.kukushi.FuziCrash.FuziCrash;
				PRODUCT_NAME = "$(TARGET_NAME)";
				SWIFT_VERSION = 5.0;
				TARGETED_DEVICE_FAMILY = "1,2";
			};
			name = Release;
		};
		8791FE6624E83DFE00B1D193 /* Debug */ = {
			isa = XCBuildConfiguration;
			baseConfigurationReference = D034E960531E355C71ABD49A /* Pods-FuziCrashTests.debug.xcconfig */;
			buildSettings = {
				ALWAYS_EMBED_SWIFT_STANDARD_LIBRARIES = YES;
				BUNDLE_LOADER = "$(TEST_HOST)";
				CODE_SIGN_STYLE = Automatic;
				DEVELOPMENT_TEAM = U6N93T3598;
				INFOPLIST_FILE = FuziCrashTests/Info.plist;
				IPHONEOS_DEPLOYMENT_TARGET = 14.0;
				LD_RUNPATH_SEARCH_PATHS = (
					"$(inherited)",
					"@executable_path/Frameworks",
					"@loader_path/Frameworks",
				);
				PRODUCT_BUNDLE_IDENTIFIER = com.kukushi.FuziCrash.FuziCrashTests;
				PRODUCT_NAME = "$(TARGET_NAME)";
				SWIFT_VERSION = 5.0;
				TARGETED_DEVICE_FAMILY = "1,2";
				TEST_HOST = "$(BUILT_PRODUCTS_DIR)/FuziCrash.app/FuziCrash";
			};
			name = Debug;
		};
		8791FE6724E83DFE00B1D193 /* Release */ = {
			isa = XCBuildConfiguration;
			baseConfigurationReference = 9ADC9F7113D8716AC28362B1 /* Pods-FuziCrashTests.release.xcconfig */;
			buildSettings = {
				ALWAYS_EMBED_SWIFT_STANDARD_LIBRARIES = YES;
				BUNDLE_LOADER = "$(TEST_HOST)";
				CODE_SIGN_STYLE = Automatic;
				DEVELOPMENT_TEAM = U6N93T3598;
				INFOPLIST_FILE = FuziCrashTests/Info.plist;
				IPHONEOS_DEPLOYMENT_TARGET = 14.0;
				LD_RUNPATH_SEARCH_PATHS = (
					"$(inherited)",
					"@executable_path/Frameworks",
					"@loader_path/Frameworks",
				);
				PRODUCT_BUNDLE_IDENTIFIER = com.kukushi.FuziCrash.FuziCrashTests;
				PRODUCT_NAME = "$(TARGET_NAME)";
				SWIFT_VERSION = 5.0;
				TARGETED_DEVICE_FAMILY = "1,2";
				TEST_HOST = "$(BUILT_PRODUCTS_DIR)/FuziCrash.app/FuziCrash";
			};
			name = Release;
		};
		8791FE6924E83DFE00B1D193 /* Debug */ = {
			isa = XCBuildConfiguration;
			baseConfigurationReference = 21C44659E14E4FDB6CD7DB75 /* Pods-FuziCrash-FuziCrashUITests.debug.xcconfig */;
			buildSettings = {
				ALWAYS_EMBED_SWIFT_STANDARD_LIBRARIES = YES;
				CODE_SIGN_STYLE = Automatic;
				DEVELOPMENT_TEAM = U6N93T3598;
				INFOPLIST_FILE = FuziCrashUITests/Info.plist;
				LD_RUNPATH_SEARCH_PATHS = (
					"$(inherited)",
					"@executable_path/Frameworks",
					"@loader_path/Frameworks",
				);
				PRODUCT_BUNDLE_IDENTIFIER = com.kukushi.FuziCrash.FuziCrashUITests;
				PRODUCT_NAME = "$(TARGET_NAME)";
				SWIFT_VERSION = 5.0;
				TARGETED_DEVICE_FAMILY = "1,2";
				TEST_TARGET_NAME = FuziCrash;
			};
			name = Debug;
		};
		8791FE6A24E83DFE00B1D193 /* Release */ = {
			isa = XCBuildConfiguration;
			baseConfigurationReference = B2FC49B3C995179407E5137F /* Pods-FuziCrash-FuziCrashUITests.release.xcconfig */;
			buildSettings = {
				ALWAYS_EMBED_SWIFT_STANDARD_LIBRARIES = YES;
				CODE_SIGN_STYLE = Automatic;
				DEVELOPMENT_TEAM = U6N93T3598;
				INFOPLIST_FILE = FuziCrashUITests/Info.plist;
				LD_RUNPATH_SEARCH_PATHS = (
					"$(inherited)",
					"@executable_path/Frameworks",
					"@loader_path/Frameworks",
				);
				PRODUCT_BUNDLE_IDENTIFIER = com.kukushi.FuziCrash.FuziCrashUITests;
				PRODUCT_NAME = "$(TARGET_NAME)";
				SWIFT_VERSION = 5.0;
				TARGETED_DEVICE_FAMILY = "1,2";
				TEST_TARGET_NAME = FuziCrash;
			};
			name = Release;
		};
/* End XCBuildConfiguration section */

/* Begin XCConfigurationList section */
		8791FE3324E83DFB00B1D193 /* Build configuration list for PBXProject "FuziCrash" */ = {
			isa = XCConfigurationList;
			buildConfigurations = (
				8791FE6024E83DFE00B1D193 /* Debug */,
				8791FE6124E83DFE00B1D193 /* Release */,
			);
			defaultConfigurationIsVisible = 0;
			defaultConfigurationName = Release;
		};
		8791FE6224E83DFE00B1D193 /* Build configuration list for PBXNativeTarget "FuziCrash" */ = {
			isa = XCConfigurationList;
			buildConfigurations = (
				8791FE6324E83DFE00B1D193 /* Debug */,
				8791FE6424E83DFE00B1D193 /* Release */,
			);
			defaultConfigurationIsVisible = 0;
			defaultConfigurationName = Release;
		};
		8791FE6524E83DFE00B1D193 /* Build configuration list for PBXNativeTarget "FuziCrashTests" */ = {
			isa = XCConfigurationList;
			buildConfigurations = (
				8791FE6624E83DFE00B1D193 /* Debug */,
				8791FE6724E83DFE00B1D193 /* Release */,
			);
			defaultConfigurationIsVisible = 0;
			defaultConfigurationName = Release;
		};
		8791FE6824E83DFE00B1D193 /* Build configuration list for PBXNativeTarget "FuziCrashUITests" */ = {
			isa = XCConfigurationList;
			buildConfigurations = (
				8791FE6924E83DFE00B1D193 /* Debug */,
				8791FE6A24E83DFE00B1D193 /* Release */,
			);
			defaultConfigurationIsVisible = 0;
			defaultConfigurationName = Release;
		};
/* End XCConfigurationList section */
	};
	rootObject = 8791FE3024E83DFB00B1D193 /* Project object */;
}
